
Microsoft Visual Studio Solution File, Format Version 12.00
# Visual Studio Version 17
VisualStudioVersion = 17.4.33103.184
MinimumVisualStudioVersion = 10.0.40219.1
Project("{FAE04EC0-301F-11D3-BF4B-00C04F79EFBC}") = "NombreRomainEval", "NombreRomainEval\NombreRomainEval.csproj", "{0F72FA82-7B47-4050-96FC-1003EB82E843}"
EndProject
Project("{FAE04EC0-301F-11D3-BF4B-00C04F79EFBC}") = "NombreRomainEval.Test", "NombreRomainEval.Test\NombreRomainEval.Test.csproj", "{7AABD56B-1197-455C-AF0A-9F97D9010318}"
EndProject
Global
	GlobalSection(SolutionConfigurationPlatforms) = preSolution
		Debug|Any CPU = Debug|Any CPU
		Release|Any CPU = Release|Any CPU
	EndGlobalSection
	GlobalSection(ProjectConfigurationPlatforms) = postSolution
		{0F72FA82-7B47-4050-96FC-1003EB82E843}.Debug|Any CPU.ActiveCfg = Debug|Any CPU
		{0F72FA82-7B47-4050-96FC-1003EB82E843}.Debug|Any CPU.Build.0 = Debug|Any CPU
		{0F72FA82-7B47-4050-96FC-1003EB82E843}.Release|Any CPU.ActiveCfg = Release|Any CPU
		{0F72FA82-7B47-4050-96FC-1003EB82E843}.Release|Any CPU.Build.0 = Release|Any CPU
		{7AABD56B-1197-455C-AF0A-9F97D9010318}.Debug|Any CPU.ActiveCfg = Debug|Any CPU
		{7AABD56B-1197-455C-AF0A-9F97D9010318}.Debug|Any CPU.Build.0 = Debug|Any CPU
		{7AABD56B-1197-455C-AF0A-9F97D9010318}.Release|Any CPU.ActiveCfg = Release|Any CPU
		{7AABD56B-1197-455C-AF0A-9F97D9010318}.Release|Any CPU.Build.0 = Release|Any CPU
	EndGlobalSection
	GlobalSection(SolutionProperties) = preSolution
		HideSolutionNode = FALSE
	EndGlobalSection
	GlobalSection(ExtensibilityGlobals) = postSolution
		SolutionGuid = {940AF1AF-A5A5-4787-9D50-A1603E40819E}
	EndGlobalSection
EndGlobal
